{
    "_readme": [
        "This file locks the dependencies of your project to a known state",
        "Read more about it at http://getcomposer.org/doc/01-basic-usage.md#composer-lock-the-lock-file",
        "This file is @generated automatically"
    ],
    "hash": "19d5f944d882da5631be9c97c82e1b6d",
    "packages": [
        {
            "name": "phpexcel/phpexcel",
            "version": "v1.7.6",
            "source": {
                "type": "git",
                "url": "https://github.com/ddeboer/phpexcel.git",
                "reference": "3b1469b80165397adffb2bcc2d53ea77405a138e"
            },
            "dist": {
                "type": "zip",
                "url": "https://api.github.com/repos/ddeboer/phpexcel/zipball/3b1469b80165397adffb2bcc2d53ea77405a138e",
                "reference": "3b1469b80165397adffb2bcc2d53ea77405a138e",
                "shasum": ""
            },
            "require": {
                "php": ">5.2.0"
            },
            "type": "library",
            "autoload": {
                "psr-0": {
                    "PHPExcel": "Classes"
                }
            },
            "notification-url": "https://packagist.org/downloads/",
            "license": [
                "GNU"
            ],
            "description": "PHPExcel - OpenXML - Create Excel2007 documents in PHP - Spreadsheet engine",
            "homepage": "http://phpexcel.codeplex.com",
            "keywords": [
                "excel",
                "xls"
            ],
            "time": "2012-05-07 19:05:46"
        }
    ],
    "packages-dev": [

    ],
    "aliases": [

    ],
    "minimum-stability": "stable",
    "stability-flags": [

    ],
    "prefer-stable": false,
    "platform": [

    ],
    "platform-dev": [

    ]
}
